<?xml version="1.0" encoding="utf-8"?>
<Project ToolsVersion="4.0" xmlns="http://schemas.microsoft.com/developer/msbuild/2003">
  <ItemGroup>
    <Filter Include="Pavebo">
      <UniqueIdentifier>{626F99C9-4E11-C49F-37CC-D7F3230D4BF0}</UniqueIdentifier>
    </Filter>
  </ItemGroup>
  <ItemGroup>
    <ClInclude Include="src\Pavebo.h" />
    <ClInclude Include="src\Pavebo\Application.h">
      <Filter>Pavebo</Filter>
    </ClInclude>
    <ClInclude Include="src\Pavebo\Core.h">
      <Filter>Pavebo</Filter>
    </ClInclude>
    <ClInclude Include="src\Pavebo\EntryPoint.h">
      <Filter>Pavebo</Filter>
    </ClInclude>
    <ClInclude Include="src\Pavebo\Log.h">
      <Filter>Pavebo</Filter>
    </ClInclude>
    <ClInclude Include="src\Pavebo\Event\Event.h" />
  </ItemGroup>
  <ItemGroup>
    <ClCompile Include="src\Pavebo\Application.cpp">
      <Filter>Pavebo</Filter>
    </ClCompile>
    <ClCompile Include="src\Pavebo\Log.cpp">
      <Filter>Pavebo</Filter>
    </ClCompile>
  </ItemGroup>
</Project>