
Microsoft Visual Studio Solution File, Format Version 12.00
# Visual Studio Version 16
VisualStudioVersion = 16.0.33801.447
MinimumVisualStudioVersion = 10.0.40219.1
Project("{8BC9CEB8-8B4A-11D0-8D11-00A0C91BC942}") = "PaveboEngine", "PaveboEngine\PaveboEngine.vcxproj", "{300C4FC6-9BE9-4BC5-8A89-8ACECBD0968C}"
EndProject
Project("{8BC9CEB8-8B4A-11D0-8D11-00A0C91BC942}") = "Sandbox", "Sandbox\Sandbox.vcxproj", "{92B23939-9AFC-4B4E-AAFE-D107DA4A7D65}"
	ProjectSection(ProjectDependencies) = postProject
		{300C4FC6-9BE9-4BC5-8A89-8ACECBD0968C} = {300C4FC6-9BE9-4BC5-8A89-8ACECBD0968C}
	EndProjectSection
EndProject
Global
	GlobalSection(SolutionConfigurationPlatforms) = preSolution
		Debug|x64 = Debug|x64
		Release|x64 = Release|x64
	EndGlobalSection
	GlobalSection(ProjectConfigurationPlatforms) = postSolution
		{300C4FC6-9BE9-4BC5-8A89-8ACECBD0968C}.Debug|x64.ActiveCfg = Debug|x64
		{300C4FC6-9BE9-4BC5-8A89-8ACECBD0968C}.Debug|x64.Build.0 = Debug|x64
		{300C4FC6-9BE9-4BC5-8A89-8ACECBD0968C}.Release|x64.ActiveCfg = Release|x64
		{300C4FC6-9BE9-4BC5-8A89-8ACECBD0968C}.Release|x64.Build.0 = Release|x64
		{92B23939-9AFC-4B4E-AAFE-D107DA4A7D65}.Debug|x64.ActiveCfg = Debug|x64
		{92B23939-9AFC-4B4E-AAFE-D107DA4A7D65}.Debug|x64.Build.0 = Debug|x64
		{92B23939-9AFC-4B4E-AAFE-D107DA4A7D65}.Release|x64.ActiveCfg = Release|x64
		{92B23939-9AFC-4B4E-AAFE-D107DA4A7D65}.Release|x64.Build.0 = Release|x64
	EndGlobalSection
	GlobalSection(SolutionProperties) = preSolution
		HideSolutionNode = FALSE
	EndGlobalSection
	GlobalSection(ExtensibilityGlobals) = postSolution
		SolutionGuid = {51760CF9-2A0D-40DA-8C9B-F874E328B4CB}
	EndGlobalSection
EndGlobal
